// !$*UTF8*$!
{
	archiveVersion = 1;
	classes = {
	};
	objectVersion = 55;
	objects = {

/* Begin PBXBuildFile section */
		AA0001 /* OperaAppApp.swift in Sources */ = {isa = PBXBuildFile; fileRef = BB0001 /* OperaAppApp.swift */; };
		AA0002 /* ContentView.swift in Sources */ = {isa = PBXBuildFile; fileRef = BB0002 /* ContentView.swift */; };
		AA0003 /* Assets.xcassets in Resources */ = {isa = PBXBuildFile; fileRef = BB0003 /* Assets.xcassets */; };
		AA0004 /* AppState.swift in Sources */ = {isa = PBXBuildFile; fileRef = BB0004 /* AppState.swift */; };
		AA0005 /* User.swift in Sources */ = {isa = PBXBuildFile; fileRef = BB0005 /* User.swift */; };
		AA0006 /* Opera.swift in Sources */ = {isa = PBXBuildFile; fileRef = BB0006 /* Opera.swift */; };
		AA0007 /* UserList.swift in Sources */ = {isa = PBXBuildFile; fileRef = BB0007 /* UserList.swift */; };
		AA0008 /* Recommendation.swift in Sources */ = {isa = PBXBuildFile; fileRef = BB0008 /* Recommendation.swift */; };
		AA0009 /* AuthenticationService.swift in Sources */ = {isa = PBXBuildFile; fileRef = BB0009 /* AuthenticationService.swift */; };
		AA0010 /* APIService.swift in Sources */ = {isa = PBXBuildFile; fileRef = BB0010 /* APIService.swift */; };
		AA0011 /* OnboardingView.swift in Sources */ = {isa = PBXBuildFile; fileRef = BB0011 /* OnboardingView.swift */; };
		AA0012 /* TasteOnboardingView.swift in Sources */ = {isa = PBXBuildFile; fileRef = BB0012 /* TasteOnboardingView.swift */; };
		AA0013 /* MainTabView.swift in Sources */ = {isa = PBXBuildFile; fileRef = BB0013 /* MainTabView.swift */; };
		AA0014 /* HomeView.swift in Sources */ = {isa = PBXBuildFile; fileRef = BB0014 /* HomeView.swift */; };
		AA0015 /* SearchView.swift in Sources */ = {isa = PBXBuildFile; fileRef = BB0015 /* SearchView.swift */; };
		AA0016 /* OperaDetailView.swift in Sources */ = {isa = PBXBuildFile; fileRef = BB0016 /* OperaDetailView.swift */; };
		AA0017 /* ProductionDetailView.swift in Sources */ = {isa = PBXBuildFile; fileRef = BB0017 /* ProductionDetailView.swift */; };
		AA0018 /* LogFlowView.swift in Sources */ = {isa = PBXBuildFile; fileRef = BB0018 /* LogFlowView.swift */; };
		AA0019 /* ListsView.swift in Sources */ = {isa = PBXBuildFile; fileRef = BB0019 /* ListsView.swift */; };
		AA0020 /* RecommendationsView.swift in Sources */ = {isa = PBXBuildFile; fileRef = BB0020 /* RecommendationsView.swift */; };
		AA0021 /* ProfileView.swift in Sources */ = {isa = PBXBuildFile; fileRef = BB0021 /* ProfileView.swift */; };
		AA0022 /* SettingsView.swift in Sources */ = {isa = PBXBuildFile; fileRef = BB0022 /* SettingsView.swift */; };
		AA0023 /* AddToListView.swift in Sources */ = {isa = PBXBuildFile; fileRef = BB0023 /* AddToListView.swift */; };
/* End PBXBuildFile section */

/* Begin PBXFileReference section */
		BB0001 /* OperaAppApp.swift */ = {isa = PBXFileReference; lastKnownFileType = sourcecode.swift; path = OperaAppApp.swift; sourceTree = "<group>"; };
		BB0002 /* ContentView.swift */ = {isa = PBXFileReference; lastKnownFileType = sourcecode.swift; path = ContentView.swift; sourceTree = "<group>"; };
		BB0003 /* Assets.xcassets */ = {isa = PBXFileReference; lastKnownFileType = folder.assetcatalog; path = Assets.xcassets; sourceTree = "<group>"; };
		BB0004 /* AppState.swift */ = {isa = PBXFileReference; lastKnownFileType = sourcecode.swift; path = AppState.swift; sourceTree = "<group>"; };
		BB0005 /* User.swift */ = {isa = PBXFileReference; lastKnownFileType = sourcecode.swift; path = User.swift; sourceTree = "<group>"; };
		BB0006 /* Opera.swift */ = {isa = PBXFileReference; lastKnownFileType = sourcecode.swift; path = Opera.swift; sourceTree = "<group>"; };
		BB0007 /* UserList.swift */ = {isa = PBXFileReference; lastKnownFileType = sourcecode.swift; path = UserList.swift; sourceTree = "<group>"; };
		BB0008 /* Recommendation.swift */ = {isa = PBXFileReference; lastKnownFileType = sourcecode.swift; path = Recommendation.swift; sourceTree = "<group>"; };
		BB0009 /* AuthenticationService.swift */ = {isa = PBXFileReference; lastKnownFileType = sourcecode.swift; path = AuthenticationService.swift; sourceTree = "<group>"; };
		BB0010 /* APIService.swift */ = {isa = PBXFileReference; lastKnownFileType = sourcecode.swift; path = APIService.swift; sourceTree = "<group>"; };
		BB0011 /* OnboardingView.swift */ = {isa = PBXFileReference; lastKnownFileType = sourcecode.swift; path = OnboardingView.swift; sourceTree = "<group>"; };
		BB0012 /* TasteOnboardingView.swift */ = {isa = PBXFileReference; lastKnownFileType = sourcecode.swift; path = TasteOnboardingView.swift; sourceTree = "<group>"; };
		BB0013 /* MainTabView.swift */ = {isa = PBXFileReference; lastKnownFileType = sourcecode.swift; path = MainTabView.swift; sourceTree = "<group>"; };
		BB0014 /* HomeView.swift */ = {isa = PBXFileReference; lastKnownFileType = sourcecode.swift; path = HomeView.swift; sourceTree = "<group>"; };
		BB0015 /* SearchView.swift */ = {isa = PBXFileReference; lastKnownFileType = sourcecode.swift; path = SearchView.swift; sourceTree = "<group>"; };
		BB0016 /* OperaDetailView.swift */ = {isa = PBXFileReference; lastKnownFileType = sourcecode.swift; path = OperaDetailView.swift; sourceTree = "<group>"; };
		BB0017 /* ProductionDetailView.swift */ = {isa = PBXFileReference; lastKnownFileType = sourcecode.swift; path = ProductionDetailView.swift; sourceTree = "<group>"; };
		BB0018 /* LogFlowView.swift */ = {isa = PBXFileReference; lastKnownFileType = sourcecode.swift; path = LogFlowView.swift; sourceTree = "<group>"; };
		BB0019 /* ListsView.swift */ = {isa = PBXFileReference; lastKnownFileType = sourcecode.swift; path = ListsView.swift; sourceTree = "<group>"; };
		BB0020 /* RecommendationsView.swift */ = {isa = PBXFileReference; lastKnownFileType = sourcecode.swift; path = RecommendationsView.swift; sourceTree = "<group>"; };
		BB0021 /* ProfileView.swift */ = {isa = PBXFileReference; lastKnownFileType = sourcecode.swift; path = ProfileView.swift; sourceTree = "<group>"; };
		BB0022 /* SettingsView.swift */ = {isa = PBXFileReference; lastKnownFileType = sourcecode.swift; path = SettingsView.swift; sourceTree = "<group>"; };
		BB0023 /* AddToListView.swift */ = {isa = PBXFileReference; lastKnownFileType = sourcecode.swift; path = AddToListView.swift; sourceTree = "<group>"; };
		BB0024 /* Info.plist */ = {isa = PBXFileReference; lastKnownFileType = text.plist.xml; path = Info.plist; sourceTree = "<group>"; };
		DD0001 /* OperaApp.app */ = {isa = PBXFileReference; explicitFileType = wrapper.application; includeInIndex = 0; path = OperaApp.app; sourceTree = BUILT_PRODUCTS_DIR; };
/* End PBXFileReference section */

/* Begin PBXFrameworksBuildPhase section */
		FF0001 /* Frameworks */ = {
			isa = PBXFrameworksBuildPhase;
			buildActionMask = 2147483647;
			files = (
			);
			runOnlyForDeploymentPostprocessing = 0;
		};
/* End PBXFrameworksBuildPhase section */

/* Begin PBXGroup section */
		CC0001 = {
			isa = PBXGroup;
			children = (
				CC0002 /* OperaApp */,
				CC0003 /* Products */,
			);
			sourceTree = "<group>";
		};
		CC0002 /* OperaApp */ = {
			isa = PBXGroup;
			children = (
				BB0001 /* OperaAppApp.swift */,
				BB0002 /* ContentView.swift */,
				CC0004 /* Core */,
				CC0005 /* Models */,
				CC0006 /* Services */,
				CC0007 /* Views */,
				BB0003 /* Assets.xcassets */,
				BB0024 /* Info.plist */,
			);
			path = OperaApp;
			sourceTree = "<group>";
		};
		CC0003 /* Products */ = {
			isa = PBXGroup;
			children = (
				DD0001 /* OperaApp.app */,
			);
			name = Products;
			sourceTree = "<group>";
		};
		CC0004 /* Core */ = {
			isa = PBXGroup;
			children = (
				BB0004 /* AppState.swift */,
			);
			path = Core;
			sourceTree = "<group>";
		};
		CC0005 /* Models */ = {
			isa = PBXGroup;
			children = (
				BB0005 /* User.swift */,
				BB0006 /* Opera.swift */,
				BB0007 /* UserList.swift */,
				BB0008 /* Recommendation.swift */,
			);
			path = Models;
			sourceTree = "<group>";
		};
		CC0006 /* Services */ = {
			isa = PBXGroup;
			children = (
				BB0009 /* AuthenticationService.swift */,
				BB0010 /* APIService.swift */,
			);
			path = Services;
			sourceTree = "<group>";
		};
		CC0007 /* Views */ = {
			isa = PBXGroup;
			children = (
				CC0008 /* Onboarding */,
				CC0009 /* Main */,
				CC0010 /* Home */,
				CC0011 /* Search */,
				CC0012 /* Opera */,
				CC0013 /* Production */,
				CC0014 /* Log */,
				CC0015 /* Lists */,
				CC0016 /* Recommendations */,
				CC0017 /* Profile */,
				CC0018 /* Settings */,
				CC0019 /* Shared */,
			);
			path = Views;
			sourceTree = "<group>";
		};
		CC0008 /* Onboarding */ = {
			isa = PBXGroup;
			children = (
				BB0011 /* OnboardingView.swift */,
				BB0012 /* TasteOnboardingView.swift */,
			);
			path = Onboarding;
			sourceTree = "<group>";
		};
		CC0009 /* Main */ = {
			isa = PBXGroup;
			children = (
				BB0013 /* MainTabView.swift */,
			);
			path = Main;
			sourceTree = "<group>";
		};
		CC0010 /* Home */ = {
			isa = PBXGroup;
			children = (
				BB0014 /* HomeView.swift */,
			);
			path = Home;
			sourceTree = "<group>";
		};
		CC0011 /* Search */ = {
			isa = PBXGroup;
			children = (
				BB0015 /* SearchView.swift */,
			);
			path = Search;
			sourceTree = "<group>";
		};
		CC0012 /* Opera */ = {
			isa = PBXGroup;
			children = (
				BB0016 /* OperaDetailView.swift */,
			);
			path = Opera;
			sourceTree = "<group>";
		};
		CC0013 /* Production */ = {
			isa = PBXGroup;
			children = (
				BB0017 /* ProductionDetailView.swift */,
			);
			path = Production;
			sourceTree = "<group>";
		};
		CC0014 /* Log */ = {
			isa = PBXGroup;
			children = (
				BB0018 /* LogFlowView.swift */,
			);
			path = Log;
			sourceTree = "<group>";
		};
		CC0015 /* Lists */ = {
			isa = PBXGroup;
			children = (
				BB0019 /* ListsView.swift */,
			);
			path = Lists;
			sourceTree = "<group>";
		};
		CC0016 /* Recommendations */ = {
			isa = PBXGroup;
			children = (
				BB0020 /* RecommendationsView.swift */,
			);
			path = Recommendations;
			sourceTree = "<group>";
		};
		CC0017 /* Profile */ = {
			isa = PBXGroup;
			children = (
				BB0021 /* ProfileView.swift */,
			);
			path = Profile;
			sourceTree = "<group>";
		};
		CC0018 /* Settings */ = {
			isa = PBXGroup;
			children = (
				BB0022 /* SettingsView.swift */,
			);
			path = Settings;
			sourceTree = "<group>";
		};
		CC0019 /* Shared */ = {
			isa = PBXGroup;
			children = (
				BB0023 /* AddToListView.swift */,
			);
			path = Shared;
			sourceTree = "<group>";
		};
/* End PBXGroup section */

/* Begin PBXNativeTarget section */
		EE0001 /* OperaApp */ = {
			isa = PBXNativeTarget;
			buildConfigurationList = EE0002 /* Build configuration list for PBXNativeTarget "OperaApp" */;
			buildPhases = (
				EE0003 /* Sources */,
				FF0001 /* Frameworks */,
				EE0004 /* Resources */,
			);
			buildRules = (
			);
			dependencies = (
			);
			name = OperaApp;
			productName = OperaApp;
			productReference = DD0001 /* OperaApp.app */;
			productType = "com.apple.product-type.application";
		};
/* End PBXNativeTarget section */

/* Begin PBXProject section */
		GG0001 /* Project object */ = {
			isa = PBXProject;
			attributes = {
				BuildIndependentTargetsInParallel = 1;
				LastSwiftUpdateCheck = 1430;
				LastUpgradeCheck = 2600;
				TargetAttributes = {
					EE0001 = {
						CreatedOnToolsVersion = 14.3;
					};
				};
			};
			buildConfigurationList = GG0002 /* Build configuration list for PBXProject "OperaApp" */;
			compatibilityVersion = "Xcode 13.0";
			developmentRegion = en;
			hasScannedForEncodings = 0;
			knownRegions = (
				en,
				Base,
			);
			mainGroup = CC0001;
			productRefGroup = CC0003 /* Products */;
			projectDirPath = "";
			projectRoot = "";
			targets = (
				EE0001 /* OperaApp */,
			);
		};
/* End PBXProject section */

/* Begin PBXResourcesBuildPhase section */
		EE0004 /* Resources */ = {
			isa = PBXResourcesBuildPhase;
			buildActionMask = 2147483647;
			files = (
				AA0003 /* Assets.xcassets in Resources */,
			);
			runOnlyForDeploymentPostprocessing = 0;
		};
/* End PBXResourcesBuildPhase section */

/* Begin PBXSourcesBuildPhase section */
		EE0003 /* Sources */ = {
			isa = PBXSourcesBuildPhase;
			buildActionMask = 2147483647;
			files = (
				AA0001 /* OperaAppApp.swift in Sources */,
				AA0002 /* ContentView.swift in Sources */,
				AA0004 /* AppState.swift in Sources */,
				AA0005 /* User.swift in Sources */,
				AA0006 /* Opera.swift in Sources */,
				AA0007 /* UserList.swift in Sources */,
				AA0008 /* Recommendation.swift in Sources */,
				AA0009 /* AuthenticationService.swift in Sources */,
				AA0010 /* APIService.swift in Sources */,
				AA0011 /* OnboardingView.swift in Sources */,
				AA0012 /* TasteOnboardingView.swift in Sources */,
				AA0013 /* MainTabView.swift in Sources */,
				AA0014 /* HomeView.swift in Sources */,
				AA0015 /* SearchView.swift in Sources */,
				AA0016 /* OperaDetailView.swift in Sources */,
				AA0017 /* ProductionDetailView.swift in Sources */,
				AA0018 /* LogFlowView.swift in Sources */,
				AA0019 /* ListsView.swift in Sources */,
				AA0020 /* RecommendationsView.swift in Sources */,
				AA0021 /* ProfileView.swift in Sources */,
				AA0022 /* SettingsView.swift in Sources */,
				AA0023 /* AddToListView.swift in Sources */,
			);
			runOnlyForDeploymentPostprocessing = 0;
		};
/* End PBXSourcesBuildPhase section */

/* Begin XCBuildConfiguration section */
		HH0001 /* Debug */ = {
			isa = XCBuildConfiguration;
			buildSettings = {
				ALWAYS_SEARCH_USER_PATHS = NO;
				CLANG_ANALYZER_NONNULL = YES;
				CLANG_ANALYZER_NUMBER_OBJECT_CONVERSION = YES_AGGRESSIVE;
				CLANG_CXX_LANGUAGE_STANDARD = "gnu++20";
				CLANG_ENABLE_MODULES = YES;
				CLANG_ENABLE_OBJC_ARC = YES;
				CLANG_ENABLE_OBJC_WEAK = YES;
				CLANG_WARN_BLOCK_CAPTURE_AUTORELEASING = YES;
				CLANG_WARN_BOOL_CONVERSION = YES;
				CLANG_WARN_COMMA = YES;
				CLANG_WARN_CONSTANT_CONVERSION = YES;
				CLANG_WARN_DEPRECATED_OBJC_IMPLEMENTATIONS = YES;
				CLANG_WARN_DIRECT_OBJC_ISA_USAGE = YES_ERROR;
				CLANG_WARN_DOCUMENTATION_COMMENTS = YES;
				CLANG_WARN_EMPTY_BODY = YES;
				CLANG_WARN_ENUM_CONVERSION = YES;
				CLANG_WARN_INFINITE_RECURSION = YES;
				CLANG_WARN_INT_CONVERSION = YES;
				CLANG_WARN_NON_LITERAL_NULL_CONVERSION = YES;
				CLANG_WARN_OBJC_IMPLICIT_RETAIN_SELF = YES;
				CLANG_WARN_OBJC_LITERAL_CONVERSION = YES;
				CLANG_WARN_OBJC_ROOT_CLASS = YES_ERROR;
				CLANG_WARN_QUOTED_INCLUDE_IN_FRAMEWORK_HEADER = YES;
				CLANG_WARN_RANGE_LOOP_ANALYSIS = YES;
				CLANG_WARN_STRICT_PROTOTYPES = YES;
				CLANG_WARN_SUSPICIOUS_MOVE = YES;
				CLANG_WARN_UNGUARDED_AVAILABILITY = YES_AGGRESSIVE;
				CLANG_WARN_UNREACHABLE_CODE = YES;
				CLANG_WARN__DUPLICATE_METHOD_MATCH = YES;
				COPY_PHASE_STRIP = NO;
				DEBUG_INFORMATION_FORMAT = dwarf;
				DEVELOPMENT_TEAM = ZFBA888K4E;
				ENABLE_STRICT_OBJC_MSGSEND = YES;
				ENABLE_TESTABILITY = YES;
				ENABLE_USER_SCRIPT_SANDBOXING = YES;
				GCC_C_LANGUAGE_STANDARD = gnu11;
				GCC_DYNAMIC_NO_PIC = NO;
				GCC_NO_COMMON_BLOCKS = YES;
				GCC_OPTIMIZATION_LEVEL = 0;
				GCC_PREPROCESSOR_DEFINITIONS = (
					"DEBUG=1",
					"$(inherited)",
				);
				GCC_WARN_64_TO_32_BIT_CONVERSION = YES;
				GCC_WARN_ABOUT_RETURN_TYPE = YES_ERROR;
				GCC_WARN_UNDECLARED_SELECTOR = YES;
				GCC_WARN_UNINITIALIZED_AUTOS = YES_AGGRESSIVE;
				GCC_WARN_UNUSED_FUNCTION = YES;
				GCC_WARN_UNUSED_VARIABLE = YES;
				IPHONEOS_DEPLOYMENT_TARGET = 16.0;
				MTL_ENABLE_DEBUG_INFO = INCLUDE_SOURCE;
				MTL_FAST_MATH = YES;
				ONLY_ACTIVE_ARCH = YES;
				SDKROOT = iphoneos;
				STRING_CATALOG_GENERATE_SYMBOLS = YES;
				SWIFT_ACTIVE_COMPILATION_CONDITIONS = DEBUG;
				SWIFT_OPTIMIZATION_LEVEL = "-Onone";
			};
			name = Debug;
		};
		HH0002 /* Release */ = {
			isa = XCBuildConfiguration;
			buildSettings = {
				ALWAYS_SEARCH_USER_PATHS = NO;
				CLANG_ANALYZER_NONNULL = YES;
				CLANG_ANALYZER_NUMBER_OBJECT_CONVERSION = YES_AGGRESSIVE;
				CLANG_CXX_LANGUAGE_STANDARD = "gnu++20";
				CLANG_ENABLE_MODULES = YES;
				CLANG_ENABLE_OBJC_ARC = YES;
				CLANG_ENABLE_OBJC_WEAK = YES;
				CLANG_WARN_BLOCK_CAPTURE_AUTORELEASING = YES;
				CLANG_WARN_BOOL_CONVERSION = YES;
				CLANG_WARN_COMMA = YES;
				CLANG_WARN_CONSTANT_CONVERSION = YES;
				CLANG_WARN_DEPRECATED_OBJC_IMPLEMENTATIONS = YES;
				CLANG_WARN_DIRECT_OBJC_ISA_USAGE = YES_ERROR;
				CLANG_WARN_DOCUMENTATION_COMMENTS = YES;
				CLANG_WARN_EMPTY_BODY = YES;
				CLANG_WARN_ENUM_CONVERSION = YES;
				CLANG_WARN_INFINITE_RECURSION = YES;
				CLANG_WARN_INT_CONVERSION = YES;
				CLANG_WARN_NON_LITERAL_NULL_CONVERSION = YES;
				CLANG_WARN_OBJC_IMPLICIT_RETAIN_SELF = YES;
				CLANG_WARN_OBJC_LITERAL_CONVERSION = YES;
				CLANG_WARN_OBJC_ROOT_CLASS = YES_ERROR;
				CLANG_WARN_QUOTED_INCLUDE_IN_FRAMEWORK_HEADER = YES;
				CLANG_WARN_RANGE_LOOP_ANALYSIS = YES;
				CLANG_WARN_STRICT_PROTOTYPES = YES;
				CLANG_WARN_SUSPICIOUS_MOVE = YES;
				CLANG_WARN_UNGUARDED_AVAILABILITY = YES_AGGRESSIVE;
				CLANG_WARN_UNREACHABLE_CODE = YES;
				CLANG_WARN__DUPLICATE_METHOD_MATCH = YES;
				COPY_PHASE_STRIP = NO;
				DEBUG_INFORMATION_FORMAT = "dwarf-with-dsym";
				DEVELOPMENT_TEAM = ZFBA888K4E;
				ENABLE_NS_ASSERTIONS = NO;
				ENABLE_STRICT_OBJC_MSGSEND = YES;
				ENABLE_USER_SCRIPT_SANDBOXING = YES;
				GCC_C_LANGUAGE_STANDARD = gnu11;
				GCC_NO_COMMON_BLOCKS = YES;
				GCC_WARN_64_TO_32_BIT_CONVERSION = YES;
				GCC_WARN_ABOUT_RETURN_TYPE = YES_ERROR;
				GCC_WARN_UNDECLARED_SELECTOR = YES;
				GCC_WARN_UNINITIALIZED_AUTOS = YES_AGGRESSIVE;
				GCC_WARN_UNUSED_FUNCTION = YES;
				GCC_WARN_UNUSED_VARIABLE = YES;
				IPHONEOS_DEPLOYMENT_TARGET = 16.0;
				MTL_ENABLE_DEBUG_INFO = NO;
				MTL_FAST_MATH = YES;
				SDKROOT = iphoneos;
				STRING_CATALOG_GENERATE_SYMBOLS = YES;
				SWIFT_COMPILATION_MODE = wholemodule;
				SWIFT_OPTIMIZATION_LEVEL = "-O";
				VALIDATE_PRODUCT = YES;
			};
			name = Release;
		};
		HH0003 /* Debug */ = {
			isa = XCBuildConfiguration;
			buildSettings = {
				ASSETCATALOG_COMPILER_APPICON_NAME = AppIcon;
				ASSETCATALOG_COMPILER_GLOBAL_ACCENT_COLOR_NAME = AccentColor;
				CODE_SIGN_IDENTITY = "-";
				"CODE_SIGN_IDENTITY[sdk=iphoneos*]" = "Apple Development";
				CODE_SIGN_STYLE = Automatic;
				CURRENT_PROJECT_VERSION = 1;
				DEVELOPMENT_ASSET_PATHS = "";
				DEVELOPMENT_TEAM = ZFBA888K4E;
				ENABLE_PREVIEWS = YES;
				GENERATE_INFOPLIST_FILE = NO;
				INFOPLIST_FILE = OperaApp/Info.plist;
				INFOPLIST_KEY_UIApplicationSceneManifest_Generation = YES;
				INFOPLIST_KEY_UIApplicationSupportsIndirectInputEvents = YES;
				INFOPLIST_KEY_UILaunchScreen_Generation = YES;
				INFOPLIST_KEY_UISupportedInterfaceOrientations = UIInterfaceOrientationPortrait;
				INFOPLIST_KEY_UISupportedInterfaceOrientations_iPad = "UIInterfaceOrientationPortrait UIInterfaceOrientationPortraitUpsideDown UIInterfaceOrientationLandscapeLeft UIInterfaceOrientationLandscapeRight";
				INFOPLIST_KEY_UISupportedInterfaceOrientations_iPhone = "UIInterfaceOrientationPortrait UIInterfaceOrientationLandscapeLeft UIInterfaceOrientationLandscapeRight";
				IPHONEOS_DEPLOYMENT_TARGET = 16.0;
				LD_RUNPATH_SEARCH_PATHS = (
					"$(inherited)",
					"@executable_path/Frameworks",
				);
				MARKETING_VERSION = 1.0;
				PRODUCT_BUNDLE_IDENTIFIER = com.operaapp.OperaApp;
				PRODUCT_NAME = "$(TARGET_NAME)";
				SWIFT_EMIT_LOC_STRINGS = YES;
				SWIFT_VERSION = 5.0;
				TARGETED_DEVICE_FAMILY = "1,2";
			};
			name = Debug;
		};
		HH0004 /* Release */ = {
			isa = XCBuildConfiguration;
			buildSettings = {
				ASSETCATALOG_COMPILER_APPICON_NAME = AppIcon;
				ASSETCATALOG_COMPILER_GLOBAL_ACCENT_COLOR_NAME = AccentColor;
				CODE_SIGN_IDENTITY = "-";
				"CODE_SIGN_IDENTITY[sdk=iphoneos*]" = "Apple Development";
				CODE_SIGN_STYLE = Automatic;
				CURRENT_PROJECT_VERSION = 1;
				DEVELOPMENT_ASSET_PATHS = "";
				DEVELOPMENT_TEAM = ZFBA888K4E;
				ENABLE_PREVIEWS = YES;
				GENERATE_INFOPLIST_FILE = NO;
				INFOPLIST_FILE = OperaApp/Info.plist;
				INFOPLIST_KEY_UIApplicationSceneManifest_Generation = YES;
				INFOPLIST_KEY_UIApplicationSupportsIndirectInputEvents = YES;
				INFOPLIST_KEY_UILaunchScreen_Generation = YES;
				INFOPLIST_KEY_UISupportedInterfaceOrientations = UIInterfaceOrientationPortrait;
				INFOPLIST_KEY_UISupportedInterfaceOrientations_iPad = "UIInterfaceOrientationPortrait UIInterfaceOrientationPortraitUpsideDown UIInterfaceOrientationLandscapeLeft UIInterfaceOrientationLandscapeRight";
				INFOPLIST_KEY_UISupportedInterfaceOrientations_iPhone = "UIInterfaceOrientationPortrait UIInterfaceOrientationLandscapeLeft UIInterfaceOrientationLandscapeRight";
				IPHONEOS_DEPLOYMENT_TARGET = 16.0;
				LD_RUNPATH_SEARCH_PATHS = (
					"$(inherited)",
					"@executable_path/Frameworks",
				);
				MARKETING_VERSION = 1.0;
				PRODUCT_BUNDLE_IDENTIFIER = com.operaapp.OperaApp;
				PRODUCT_NAME = "$(TARGET_NAME)";
				SWIFT_EMIT_LOC_STRINGS = YES;
				SWIFT_VERSION = 5.0;
				TARGETED_DEVICE_FAMILY = "1,2";
			};
			name = Release;
		};
/* End XCBuildConfiguration section */

/* Begin XCConfigurationList section */
		EE0002 /* Build configuration list for PBXNativeTarget "OperaApp" */ = {
			isa = XCConfigurationList;
			buildConfigurations = (
				HH0003 /* Debug */,
				HH0004 /* Release */,
			);
			defaultConfigurationIsVisible = 0;
			defaultConfigurationName = Release;
		};
		GG0002 /* Build configuration list for PBXProject "OperaApp" */ = {
			isa = XCConfigurationList;
			buildConfigurations = (
				HH0001 /* Debug */,
				HH0002 /* Release */,
			);
			defaultConfigurationIsVisible = 0;
			defaultConfigurationName = Release;
		};
/* End XCConfigurationList section */
	};
	rootObject = GG0001 /* Project object */;
}
